
Microsoft Visual Studio Solution File, Format Version 12.00
# Visual Studio Version 16
VisualStudioVersion = 16.0.31105.61
MinimumVisualStudioVersion = 10.0.40219.1
Project("{FAE04EC0-301F-11D3-BF4B-00C04F79EFBC}") = "DZ_9_Framework", "DZ_9_Framework\DZ_9_Framework.csproj", "{E688FD4F-4596-4756-98DC-4D5F828F0BE9}"
EndProject
Project("{FAE04EC0-301F-11D3-BF4B-00C04F79EFBC}") = "DZ_9_Core_3_1", "DZ_9_Core_3_1\DZ_9_Core_3_1.csproj", "{D81DFC0C-25DA-4A73-AA44-260029B0679B}"
EndProject
Global
	GlobalSection(SolutionConfigurationPlatforms) = preSolution
		Debug|Any CPU = Debug|Any CPU
		Release|Any CPU = Release|Any CPU
	EndGlobalSection
	GlobalSection(ProjectConfigurationPlatforms) = postSolution
		{E688FD4F-4596-4756-98DC-4D5F828F0BE9}.Debug|Any CPU.ActiveCfg = Debug|Any CPU
		{E688FD4F-4596-4756-98DC-4D5F828F0BE9}.Debug|Any CPU.Build.0 = Debug|Any CPU
		{E688FD4F-4596-4756-98DC-4D5F828F0BE9}.Release|Any CPU.ActiveCfg = Release|Any CPU
		{E688FD4F-4596-4756-98DC-4D5F828F0BE9}.Release|Any CPU.Build.0 = Release|Any CPU
		{D81DFC0C-25DA-4A73-AA44-260029B0679B}.Debug|Any CPU.ActiveCfg = Debug|Any CPU
		{D81DFC0C-25DA-4A73-AA44-260029B0679B}.Debug|Any CPU.Build.0 = Debug|Any CPU
		{D81DFC0C-25DA-4A73-AA44-260029B0679B}.Release|Any CPU.ActiveCfg = Release|Any CPU
		{D81DFC0C-25DA-4A73-AA44-260029B0679B}.Release|Any CPU.Build.0 = Release|Any CPU
	EndGlobalSection
	GlobalSection(SolutionProperties) = preSolution
		HideSolutionNode = FALSE
	EndGlobalSection
	GlobalSection(ExtensibilityGlobals) = postSolution
		SolutionGuid = {97F91E45-CB84-4007-93E3-E63C2E1B8385}
	EndGlobalSection
EndGlobal
